PODS:
  - Expecta (1.0.6)
  - "Expecta+Snapshots (3.1.1)":
    - Expecta (~> 1.0)
    - FBSnapshotTestCase/Core (~> 2.0)
    - Specta (~> 1.0)
  - FBSnapshotTestCase (2.1.4):
    - FBSnapshotTestCase/SwiftSupport (= 2.1.4)
  - FBSnapshotTestCase/Core (2.1.4)
  - FBSnapshotTestCase/SwiftSupport (2.1.4):
    - FBSnapshotTestCase/Core
  - NewDemoProtocolManager (0.1.0)
  - Specta (1.0.7)

DEPENDENCIES:
  - Expecta
  - "Expecta+Snapshots"
  - FBSnapshotTestCase
  - NewDemoProtocolManager (from `../`)
  - Specta

SPEC REPOS:
  trunk:
    - Expecta
    - "Expecta+Snapshots"
    - FBSnapshotTestCase
    - Specta

EXTERNAL SOURCES:
  NewDemoProtocolManager:
    :path: "../"

SPEC CHECKSUMS:
  Expecta: 3b6bd90a64b9a1dcb0b70aa0e10a7f8f631667d5
  "Expecta+Snapshots": dcff217eef506dabd6dfdc7864ea2da321fafbb8
  FBSnapshotTestCase: 094f9f314decbabe373b87cc339bea235a63e07a
  NewDemoProtocolManager: 25d1a5f4a7f6ec14ec304ca33d60125f5b37d724
  Specta: 3e1bd89c3517421982dc4d1c992503e48bd5fe66

PODFILE CHECKSUM: 8ab1d4b5e8fd245909c5170e8c9f359f5c083fcc

COCOAPODS: 1.8.4
